{
  "name": "internetarchive-ts",
  "version": "0.1.0",
  "lockfileVersion": 3,
  "requires": true,
  "packages": {
    "": {
      "name": "internetarchive-ts",
      "version": "0.1.0",
      "license": "ISC",
      "dependencies": {
        "rfc6902": "^5.1.1"
      },
      "devDependencies": {}
    },
    "node_modules/rfc6902": {
      "version": "5.1.1",
      "resolved": "https://registry.npmjs.org/rfc6902/-/rfc6902-5.1.1.tgz",
      "integrity": "sha512-8rKImbe8GTXJ7cl9v+sF3U0WQ9aaSBn4fEcGP1VJakWN335ufj75ctvWXEhrzecGRxXpY6pEFbcdWzesjV7bFg=="
    }
  }
}
